// !$*UTF8*$!
{
	archiveVersion = 1;
	classes = {
	};
	objectVersion = 55;
	objects = {

/* Begin PBXBuildFile section */
		631885B327898B4900145129 /* AppDelegate.swift in Sources */ = {isa = PBXBuildFile; fileRef = 631885B227898B4900145129 /* AppDelegate.swift */; };
		631885B527898B4900145129 /* SceneDelegate.swift in Sources */ = {isa = PBXBuildFile; fileRef = 631885B427898B4900145129 /* SceneDelegate.swift */; };
		631885B727898B4900145129 /* ViewController.swift in Sources */ = {isa = PBXBuildFile; fileRef = 631885B627898B4900145129 /* ViewController.swift */; };
		631885BA27898B4900145129 /* Main.storyboard in Resources */ = {isa = PBXBuildFile; fileRef = 631885B827898B4900145129 /* Main.storyboard */; };
		631885BC27898B4C00145129 /* Assets.xcassets in Resources */ = {isa = PBXBuildFile; fileRef = 631885BB27898B4C00145129 /* Assets.xcassets */; };
		631885BF27898B4C00145129 /* LaunchScreen.storyboard in Resources */ = {isa = PBXBuildFile; fileRef = 631885BD27898B4C00145129 /* LaunchScreen.storyboard */; };
		631885C927898C2700145129 /* BaseModel.swift in Sources */ = {isa = PBXBuildFile; fileRef = 631885C827898C2700145129 /* BaseModel.swift */; };
		631885CB27898C3100145129 /* Post.swift in Sources */ = {isa = PBXBuildFile; fileRef = 631885CA27898C3100145129 /* Post.swift */; };
		631885CD27898C3E00145129 /* User.swift in Sources */ = {isa = PBXBuildFile; fileRef = 631885CC27898C3E00145129 /* User.swift */; };
		631885D227898D5700145129 /* Encodable+Extensions.swift in Sources */ = {isa = PBXBuildFile; fileRef = 631885D127898D5700145129 /* Encodable+Extensions.swift */; };
		631885DC27898D7B00145129 /* APIService.swift in Sources */ = {isa = PBXBuildFile; fileRef = 631885D527898D7A00145129 /* APIService.swift */; };
		631885DD27898D7B00145129 /* Requestable.swift in Sources */ = {isa = PBXBuildFile; fileRef = 631885D627898D7B00145129 /* Requestable.swift */; };
		631885DE27898D7B00145129 /* HttpStatusCode.swift in Sources */ = {isa = PBXBuildFile; fileRef = 631885D727898D7B00145129 /* HttpStatusCode.swift */; };
		631885DF27898D7B00145129 /* APIEnvironment.swift in Sources */ = {isa = PBXBuildFile; fileRef = 631885D827898D7B00145129 /* APIEnvironment.swift */; };
		631885E027898D7B00145129 /* APIServiceError.swift in Sources */ = {isa = PBXBuildFile; fileRef = 631885D927898D7B00145129 /* APIServiceError.swift */; };
		631885E127898D7B00145129 /* NetworkRequest.swift in Sources */ = {isa = PBXBuildFile; fileRef = 631885DA27898D7B00145129 /* NetworkRequest.swift */; };
		631885E227898D7B00145129 /* HttpMethod.swift in Sources */ = {isa = PBXBuildFile; fileRef = 631885DB27898D7B00145129 /* HttpMethod.swift */; };
		631885E527898DE400145129 /* HavitServiceable.swift in Sources */ = {isa = PBXBuildFile; fileRef = 631885E427898DE400145129 /* HavitServiceable.swift */; };
		631885E727898DF700145129 /* HavitService.swift in Sources */ = {isa = PBXBuildFile; fileRef = 631885E627898DF700145129 /* HavitService.swift */; };
		631885E927898E0F00145129 /* HavitServiceEndpoints.swift in Sources */ = {isa = PBXBuildFile; fileRef = 631885E827898E0E00145129 /* HavitServiceEndpoints.swift */; };
/* End PBXBuildFile section */

/* Begin PBXFileReference section */
		631885AF27898B4900145129 /* NetworkModule.app */ = {isa = PBXFileReference; explicitFileType = wrapper.application; includeInIndex = 0; path = NetworkModule.app; sourceTree = BUILT_PRODUCTS_DIR; };
		631885B227898B4900145129 /* AppDelegate.swift */ = {isa = PBXFileReference; lastKnownFileType = sourcecode.swift; path = AppDelegate.swift; sourceTree = "<group>"; };
		631885B427898B4900145129 /* SceneDelegate.swift */ = {isa = PBXFileReference; lastKnownFileType = sourcecode.swift; path = SceneDelegate.swift; sourceTree = "<group>"; };
		631885B627898B4900145129 /* ViewController.swift */ = {isa = PBXFileReference; lastKnownFileType = sourcecode.swift; path = ViewController.swift; sourceTree = "<group>"; };
		631885B927898B4900145129 /* Base */ = {isa = PBXFileReference; lastKnownFileType = file.storyboard; name = Base; path = Base.lproj/Main.storyboard; sourceTree = "<group>"; };
		631885BB27898B4C00145129 /* Assets.xcassets */ = {isa = PBXFileReference; lastKnownFileType = folder.assetcatalog; path = Assets.xcassets; sourceTree = "<group>"; };
		631885BE27898B4C00145129 /* Base */ = {isa = PBXFileReference; lastKnownFileType = file.storyboard; name = Base; path = Base.lproj/LaunchScreen.storyboard; sourceTree = "<group>"; };
		631885C027898B4C00145129 /* Info.plist */ = {isa = PBXFileReference; lastKnownFileType = text.plist.xml; path = Info.plist; sourceTree = "<group>"; };
		631885C827898C2700145129 /* BaseModel.swift */ = {isa = PBXFileReference; lastKnownFileType = sourcecode.swift; path = BaseModel.swift; sourceTree = "<group>"; };
		631885CA27898C3100145129 /* Post.swift */ = {isa = PBXFileReference; lastKnownFileType = sourcecode.swift; path = Post.swift; sourceTree = "<group>"; };
		631885CC27898C3E00145129 /* User.swift */ = {isa = PBXFileReference; lastKnownFileType = sourcecode.swift; path = User.swift; sourceTree = "<group>"; };
		631885D127898D5700145129 /* Encodable+Extensions.swift */ = {isa = PBXFileReference; lastKnownFileType = sourcecode.swift; path = "Encodable+Extensions.swift"; sourceTree = "<group>"; };
		631885D527898D7A00145129 /* APIService.swift */ = {isa = PBXFileReference; fileEncoding = 4; lastKnownFileType = sourcecode.swift; path = APIService.swift; sourceTree = "<group>"; };
		631885D627898D7B00145129 /* Requestable.swift */ = {isa = PBXFileReference; fileEncoding = 4; lastKnownFileType = sourcecode.swift; path = Requestable.swift; sourceTree = "<group>"; };
		631885D727898D7B00145129 /* HttpStatusCode.swift */ = {isa = PBXFileReference; fileEncoding = 4; lastKnownFileType = sourcecode.swift; path = HttpStatusCode.swift; sourceTree = "<group>"; };
		631885D827898D7B00145129 /* APIEnvironment.swift */ = {isa = PBXFileReference; fileEncoding = 4; lastKnownFileType = sourcecode.swift; path = APIEnvironment.swift; sourceTree = "<group>"; };
		631885D927898D7B00145129 /* APIServiceError.swift */ = {isa = PBXFileReference; fileEncoding = 4; lastKnownFileType = sourcecode.swift; path = APIServiceError.swift; sourceTree = "<group>"; };
		631885DA27898D7B00145129 /* NetworkRequest.swift */ = {isa = PBXFileReference; fileEncoding = 4; lastKnownFileType = sourcecode.swift; path = NetworkRequest.swift; sourceTree = "<group>"; };
		631885DB27898D7B00145129 /* HttpMethod.swift */ = {isa = PBXFileReference; fileEncoding = 4; lastKnownFileType = sourcecode.swift; path = HttpMethod.swift; sourceTree = "<group>"; };
		631885E427898DE400145129 /* HavitServiceable.swift */ = {isa = PBXFileReference; lastKnownFileType = sourcecode.swift; name = HavitServiceable.swift; path = NetworkModule/Extension/HavitServiceable.swift; sourceTree = SOURCE_ROOT; };
		631885E627898DF700145129 /* HavitService.swift */ = {isa = PBXFileReference; lastKnownFileType = sourcecode.swift; name = HavitService.swift; path = NetworkModule/Extension/HavitService.swift; sourceTree = SOURCE_ROOT; };
		631885E827898E0E00145129 /* HavitServiceEndpoints.swift */ = {isa = PBXFileReference; lastKnownFileType = sourcecode.swift; name = HavitServiceEndpoints.swift; path = NetworkModule/Extension/HavitServiceEndpoints.swift; sourceTree = SOURCE_ROOT; };
/* End PBXFileReference section */

/* Begin PBXFrameworksBuildPhase section */
		631885AC27898B4900145129 /* Frameworks */ = {
			isa = PBXFrameworksBuildPhase;
			buildActionMask = 2147483647;
			files = (
			);
			runOnlyForDeploymentPostprocessing = 0;
		};
/* End PBXFrameworksBuildPhase section */

/* Begin PBXGroup section */
		631885A627898B4900145129 = {
			isa = PBXGroup;
			children = (
				631885B127898B4900145129 /* NetworkModule */,
				631885B027898B4900145129 /* Products */,
			);
			sourceTree = "<group>";
		};
		631885B027898B4900145129 /* Products */ = {
			isa = PBXGroup;
			children = (
				631885AF27898B4900145129 /* NetworkModule.app */,
			);
			name = Products;
			sourceTree = "<group>";
		};
		631885B127898B4900145129 /* NetworkModule */ = {
			isa = PBXGroup;
			children = (
				631885D027898D4600145129 /* Extension */,
				631885C727898C1F00145129 /* Model */,
				631885D427898D6D00145129 /* Service */,
				631885B227898B4900145129 /* AppDelegate.swift */,
				631885B427898B4900145129 /* SceneDelegate.swift */,
				631885B627898B4900145129 /* ViewController.swift */,
				631885B827898B4900145129 /* Main.storyboard */,
				631885BB27898B4C00145129 /* Assets.xcassets */,
				631885BD27898B4C00145129 /* LaunchScreen.storyboard */,
				631885C027898B4C00145129 /* Info.plist */,
			);
			path = NetworkModule;
			sourceTree = "<group>";
		};
		631885C727898C1F00145129 /* Model */ = {
			isa = PBXGroup;
			children = (
				631885C827898C2700145129 /* BaseModel.swift */,
				631885CA27898C3100145129 /* Post.swift */,
				631885CC27898C3E00145129 /* User.swift */,
			);
			path = Model;
			sourceTree = "<group>";
		};
		631885D027898D4600145129 /* Extension */ = {
			isa = PBXGroup;
			children = (
				631885D127898D5700145129 /* Encodable+Extensions.swift */,
			);
			path = Extension;
			sourceTree = "<group>";
		};
		631885D427898D6D00145129 /* Service */ = {
			isa = PBXGroup;
			children = (
				631885DB27898D7B00145129 /* HttpMethod.swift */,
				631885D727898D7B00145129 /* HttpStatusCode.swift */,
				631885D827898D7B00145129 /* APIEnvironment.swift */,
				631885D927898D7B00145129 /* APIServiceError.swift */,
				631885DA27898D7B00145129 /* NetworkRequest.swift */,
				631885D627898D7B00145129 /* Requestable.swift */,
				631885D527898D7A00145129 /* APIService.swift */,
				631885E327898DC900145129 /* Havit */,
			);
			path = Service;
			sourceTree = "<group>";
		};
		631885E327898DC900145129 /* Havit */ = {
			isa = PBXGroup;
			children = (
				631885E827898E0E00145129 /* HavitServiceEndpoints.swift */,
				631885E427898DE400145129 /* HavitServiceable.swift */,
				631885E627898DF700145129 /* HavitService.swift */,
			);
			path = Havit;
			sourceTree = "<group>";
		};
/* End PBXGroup section */

/* Begin PBXNativeTarget section */
		631885AE27898B4900145129 /* NetworkModule */ = {
			isa = PBXNativeTarget;
			buildConfigurationList = 631885C327898B4C00145129 /* Build configuration list for PBXNativeTarget "NetworkModule" */;
			buildPhases = (
				631885AB27898B4900145129 /* Sources */,
				631885AC27898B4900145129 /* Frameworks */,
				631885AD27898B4900145129 /* Resources */,
			);
			buildRules = (
			);
			dependencies = (
			);
			name = NetworkModule;
			productName = NetworkModule;
			productReference = 631885AF27898B4900145129 /* NetworkModule.app */;
			productType = "com.apple.product-type.application";
		};
/* End PBXNativeTarget section */

/* Begin PBXProject section */
		631885A727898B4900145129 /* Project object */ = {
			isa = PBXProject;
			attributes = {
				BuildIndependentTargetsInParallel = 1;
				LastSwiftUpdateCheck = 1320;
				LastUpgradeCheck = 1320;
				TargetAttributes = {
					631885AE27898B4900145129 = {
						CreatedOnToolsVersion = 13.2.1;
					};
				};
			};
			buildConfigurationList = 631885AA27898B4900145129 /* Build configuration list for PBXProject "NetworkModule" */;
			compatibilityVersion = "Xcode 13.0";
			developmentRegion = en;
			hasScannedForEncodings = 0;
			knownRegions = (
				en,
				Base,
			);
			mainGroup = 631885A627898B4900145129;
			productRefGroup = 631885B027898B4900145129 /* Products */;
			projectDirPath = "";
			projectRoot = "";
			targets = (
				631885AE27898B4900145129 /* NetworkModule */,
			);
		};
/* End PBXProject section */

/* Begin PBXResourcesBuildPhase section */
		631885AD27898B4900145129 /* Resources */ = {
			isa = PBXResourcesBuildPhase;
			buildActionMask = 2147483647;
			files = (
				631885BF27898B4C00145129 /* LaunchScreen.storyboard in Resources */,
				631885BC27898B4C00145129 /* Assets.xcassets in Resources */,
				631885BA27898B4900145129 /* Main.storyboard in Resources */,
			);
			runOnlyForDeploymentPostprocessing = 0;
		};
/* End PBXResourcesBuildPhase section */

/* Begin PBXSourcesBuildPhase section */
		631885AB27898B4900145129 /* Sources */ = {
			isa = PBXSourcesBuildPhase;
			buildActionMask = 2147483647;
			files = (
				631885E127898D7B00145129 /* NetworkRequest.swift in Sources */,
				631885D227898D5700145129 /* Encodable+Extensions.swift in Sources */,
				631885E027898D7B00145129 /* APIServiceError.swift in Sources */,
				631885B727898B4900145129 /* ViewController.swift in Sources */,
				631885B327898B4900145129 /* AppDelegate.swift in Sources */,
				631885DD27898D7B00145129 /* Requestable.swift in Sources */,
				631885DE27898D7B00145129 /* HttpStatusCode.swift in Sources */,
				631885CD27898C3E00145129 /* User.swift in Sources */,
				631885E527898DE400145129 /* HavitServiceable.swift in Sources */,
				631885C927898C2700145129 /* BaseModel.swift in Sources */,
				631885E727898DF700145129 /* HavitService.swift in Sources */,
				631885DF27898D7B00145129 /* APIEnvironment.swift in Sources */,
				631885E227898D7B00145129 /* HttpMethod.swift in Sources */,
				631885E927898E0F00145129 /* HavitServiceEndpoints.swift in Sources */,
				631885B527898B4900145129 /* SceneDelegate.swift in Sources */,
				631885DC27898D7B00145129 /* APIService.swift in Sources */,
				631885CB27898C3100145129 /* Post.swift in Sources */,
			);
			runOnlyForDeploymentPostprocessing = 0;
		};
/* End PBXSourcesBuildPhase section */

/* Begin PBXVariantGroup section */
		631885B827898B4900145129 /* Main.storyboard */ = {
			isa = PBXVariantGroup;
			children = (
				631885B927898B4900145129 /* Base */,
			);
			name = Main.storyboard;
			sourceTree = "<group>";
		};
		631885BD27898B4C00145129 /* LaunchScreen.storyboard */ = {
			isa = PBXVariantGroup;
			children = (
				631885BE27898B4C00145129 /* Base */,
			);
			name = LaunchScreen.storyboard;
			sourceTree = "<group>";
		};
/* End PBXVariantGroup section */

/* Begin XCBuildConfiguration section */
		631885C127898B4C00145129 /* Debug */ = {
			isa = XCBuildConfiguration;
			buildSettings = {
				ALWAYS_SEARCH_USER_PATHS = NO;
				CLANG_ANALYZER_NONNULL = YES;
				CLANG_ANALYZER_NUMBER_OBJECT_CONVERSION = YES_AGGRESSIVE;
				CLANG_CXX_LANGUAGE_STANDARD = "gnu++17";
				CLANG_CXX_LIBRARY = "libc++";
				CLANG_ENABLE_MODULES = YES;
				CLANG_ENABLE_OBJC_ARC = YES;
				CLANG_ENABLE_OBJC_WEAK = YES;
				CLANG_WARN_BLOCK_CAPTURE_AUTORELEASING = YES;
				CLANG_WARN_BOOL_CONVERSION = YES;
				CLANG_WARN_COMMA = YES;
				CLANG_WARN_CONSTANT_CONVERSION = YES;
				CLANG_WARN_DEPRECATED_OBJC_IMPLEMENTATIONS = YES;
				CLANG_WARN_DIRECT_OBJC_ISA_USAGE = YES_ERROR;
				CLANG_WARN_DOCUMENTATION_COMMENTS = YES;
				CLANG_WARN_EMPTY_BODY = YES;
				CLANG_WARN_ENUM_CONVERSION = YES;
				CLANG_WARN_INFINITE_RECURSION = YES;
				CLANG_WARN_INT_CONVERSION = YES;
				CLANG_WARN_NON_LITERAL_NULL_CONVERSION = YES;
				CLANG_WARN_OBJC_IMPLICIT_RETAIN_SELF = YES;
				CLANG_WARN_OBJC_LITERAL_CONVERSION = YES;
				CLANG_WARN_OBJC_ROOT_CLASS = YES_ERROR;
				CLANG_WARN_QUOTED_INCLUDE_IN_FRAMEWORK_HEADER = YES;
				CLANG_WARN_RANGE_LOOP_ANALYSIS = YES;
				CLANG_WARN_STRICT_PROTOTYPES = YES;
				CLANG_WARN_SUSPICIOUS_MOVE = YES;
				CLANG_WARN_UNGUARDED_AVAILABILITY = YES_AGGRESSIVE;
				CLANG_WARN_UNREACHABLE_CODE = YES;
				CLANG_WARN__DUPLICATE_METHOD_MATCH = YES;
				COPY_PHASE_STRIP = NO;
				DEBUG_INFORMATION_FORMAT = dwarf;
				ENABLE_STRICT_OBJC_MSGSEND = YES;
				ENABLE_TESTABILITY = YES;
				GCC_C_LANGUAGE_STANDARD = gnu11;
				GCC_DYNAMIC_NO_PIC = NO;
				GCC_NO_COMMON_BLOCKS = YES;
				GCC_OPTIMIZATION_LEVEL = 0;
				GCC_PREPROCESSOR_DEFINITIONS = (
					"DEBUG=1",
					"$(inherited)",
				);
				GCC_WARN_64_TO_32_BIT_CONVERSION = YES;
				GCC_WARN_ABOUT_RETURN_TYPE = YES_ERROR;
				GCC_WARN_UNDECLARED_SELECTOR = YES;
				GCC_WARN_UNINITIALIZED_AUTOS = YES_AGGRESSIVE;
				GCC_WARN_UNUSED_FUNCTION = YES;
				GCC_WARN_UNUSED_VARIABLE = YES;
				IPHONEOS_DEPLOYMENT_TARGET = 15.2;
				MTL_ENABLE_DEBUG_INFO = INCLUDE_SOURCE;
				MTL_FAST_MATH = YES;
				ONLY_ACTIVE_ARCH = YES;
				SDKROOT = iphoneos;
				SWIFT_ACTIVE_COMPILATION_CONDITIONS = DEBUG;
				SWIFT_OPTIMIZATION_LEVEL = "-Onone";
			};
			name = Debug;
		};
		631885C227898B4C00145129 /* Release */ = {
			isa = XCBuildConfiguration;
			buildSettings = {
				ALWAYS_SEARCH_USER_PATHS = NO;
				CLANG_ANALYZER_NONNULL = YES;
				CLANG_ANALYZER_NUMBER_OBJECT_CONVERSION = YES_AGGRESSIVE;
				CLANG_CXX_LANGUAGE_STANDARD = "gnu++17";
				CLANG_CXX_LIBRARY = "libc++";
				CLANG_ENABLE_MODULES = YES;
				CLANG_ENABLE_OBJC_ARC = YES;
				CLANG_ENABLE_OBJC_WEAK = YES;
				CLANG_WARN_BLOCK_CAPTURE_AUTORELEASING = YES;
				CLANG_WARN_BOOL_CONVERSION = YES;
				CLANG_WARN_COMMA = YES;
				CLANG_WARN_CONSTANT_CONVERSION = YES;
				CLANG_WARN_DEPRECATED_OBJC_IMPLEMENTATIONS = YES;
				CLANG_WARN_DIRECT_OBJC_ISA_USAGE = YES_ERROR;
				CLANG_WARN_DOCUMENTATION_COMMENTS = YES;
				CLANG_WARN_EMPTY_BODY = YES;
				CLANG_WARN_ENUM_CONVERSION = YES;
				CLANG_WARN_INFINITE_RECURSION = YES;
				CLANG_WARN_INT_CONVERSION = YES;
				CLANG_WARN_NON_LITERAL_NULL_CONVERSION = YES;
				CLANG_WARN_OBJC_IMPLICIT_RETAIN_SELF = YES;
				CLANG_WARN_OBJC_LITERAL_CONVERSION = YES;
				CLANG_WARN_OBJC_ROOT_CLASS = YES_ERROR;
				CLANG_WARN_QUOTED_INCLUDE_IN_FRAMEWORK_HEADER = YES;
				CLANG_WARN_RANGE_LOOP_ANALYSIS = YES;
				CLANG_WARN_STRICT_PROTOTYPES = YES;
				CLANG_WARN_SUSPICIOUS_MOVE = YES;
				CLANG_WARN_UNGUARDED_AVAILABILITY = YES_AGGRESSIVE;
				CLANG_WARN_UNREACHABLE_CODE = YES;
				CLANG_WARN__DUPLICATE_METHOD_MATCH = YES;
				COPY_PHASE_STRIP = NO;
				DEBUG_INFORMATION_FORMAT = "dwarf-with-dsym";
				ENABLE_NS_ASSERTIONS = NO;
				ENABLE_STRICT_OBJC_MSGSEND = YES;
				GCC_C_LANGUAGE_STANDARD = gnu11;
				GCC_NO_COMMON_BLOCKS = YES;
				GCC_WARN_64_TO_32_BIT_CONVERSION = YES;
				GCC_WARN_ABOUT_RETURN_TYPE = YES_ERROR;
				GCC_WARN_UNDECLARED_SELECTOR = YES;
				GCC_WARN_UNINITIALIZED_AUTOS = YES_AGGRESSIVE;
				GCC_WARN_UNUSED_FUNCTION = YES;
				GCC_WARN_UNUSED_VARIABLE = YES;
				IPHONEOS_DEPLOYMENT_TARGET = 15.2;
				MTL_ENABLE_DEBUG_INFO = NO;
				MTL_FAST_MATH = YES;
				SDKROOT = iphoneos;
				SWIFT_COMPILATION_MODE = wholemodule;
				SWIFT_OPTIMIZATION_LEVEL = "-O";
				VALIDATE_PRODUCT = YES;
			};
			name = Release;
		};
		631885C427898B4C00145129 /* Debug */ = {
			isa = XCBuildConfiguration;
			buildSettings = {
				ASSETCATALOG_COMPILER_APPICON_NAME = AppIcon;
				ASSETCATALOG_COMPILER_GLOBAL_ACCENT_COLOR_NAME = AccentColor;
				CODE_SIGN_STYLE = Automatic;
				CURRENT_PROJECT_VERSION = 1;
				DEVELOPMENT_TEAM = R5YDMBY4CB;
				GENERATE_INFOPLIST_FILE = YES;
				INFOPLIST_FILE = NetworkModule/Info.plist;
				INFOPLIST_KEY_UIApplicationSupportsIndirectInputEvents = YES;
				INFOPLIST_KEY_UILaunchStoryboardName = LaunchScreen;
				INFOPLIST_KEY_UIMainStoryboardFile = Main;
				INFOPLIST_KEY_UISupportedInterfaceOrientations_iPad = "UIInterfaceOrientationPortrait UIInterfaceOrientationPortraitUpsideDown UIInterfaceOrientationLandscapeLeft UIInterfaceOrientationLandscapeRight";
				INFOPLIST_KEY_UISupportedInterfaceOrientations_iPhone = "UIInterfaceOrientationPortrait UIInterfaceOrientationLandscapeLeft UIInterfaceOrientationLandscapeRight";
				LD_RUNPATH_SEARCH_PATHS = (
					"$(inherited)",
					"@executable_path/Frameworks",
				);
				MARKETING_VERSION = 1.0;
				PRODUCT_BUNDLE_IDENTIFIER = com.sujinnaljin.NetworkModule;
				PRODUCT_NAME = "$(TARGET_NAME)";
				SWIFT_EMIT_LOC_STRINGS = YES;
				SWIFT_VERSION = 5.0;
				TARGETED_DEVICE_FAMILY = "1,2";
			};
			name = Debug;
		};
		631885C527898B4C00145129 /* Release */ = {
			isa = XCBuildConfiguration;
			buildSettings = {
				ASSETCATALOG_COMPILER_APPICON_NAME = AppIcon;
				ASSETCATALOG_COMPILER_GLOBAL_ACCENT_COLOR_NAME = AccentColor;
				CODE_SIGN_STYLE = Automatic;
				CURRENT_PROJECT_VERSION = 1;
				DEVELOPMENT_TEAM = R5YDMBY4CB;
				GENERATE_INFOPLIST_FILE = YES;
				INFOPLIST_FILE = NetworkModule/Info.plist;
				INFOPLIST_KEY_UIApplicationSupportsIndirectInputEvents = YES;
				INFOPLIST_KEY_UILaunchStoryboardName = LaunchScreen;
				INFOPLIST_KEY_UIMainStoryboardFile = Main;
				INFOPLIST_KEY_UISupportedInterfaceOrientations_iPad = "UIInterfaceOrientationPortrait UIInterfaceOrientationPortraitUpsideDown UIInterfaceOrientationLandscapeLeft UIInterfaceOrientationLandscapeRight";
				INFOPLIST_KEY_UISupportedInterfaceOrientations_iPhone = "UIInterfaceOrientationPortrait UIInterfaceOrientationLandscapeLeft UIInterfaceOrientationLandscapeRight";
				LD_RUNPATH_SEARCH_PATHS = (
					"$(inherited)",
					"@executable_path/Frameworks",
				);
				MARKETING_VERSION = 1.0;
				PRODUCT_BUNDLE_IDENTIFIER = com.sujinnaljin.NetworkModule;
				PRODUCT_NAME = "$(TARGET_NAME)";
				SWIFT_EMIT_LOC_STRINGS = YES;
				SWIFT_VERSION = 5.0;
				TARGETED_DEVICE_FAMILY = "1,2";
			};
			name = Release;
		};
/* End XCBuildConfiguration section */

/* Begin XCConfigurationList section */
		631885AA27898B4900145129 /* Build configuration list for PBXProject "NetworkModule" */ = {
			isa = XCConfigurationList;
			buildConfigurations = (
				631885C127898B4C00145129 /* Debug */,
				631885C227898B4C00145129 /* Release */,
			);
			defaultConfigurationIsVisible = 0;
			defaultConfigurationName = Release;
		};
		631885C327898B4C00145129 /* Build configuration list for PBXNativeTarget "NetworkModule" */ = {
			isa = XCConfigurationList;
			buildConfigurations = (
				631885C427898B4C00145129 /* Debug */,
				631885C527898B4C00145129 /* Release */,
			);
			defaultConfigurationIsVisible = 0;
			defaultConfigurationName = Release;
		};
/* End XCConfigurationList section */
	};
	rootObject = 631885A727898B4900145129 /* Project object */;
}
